
Microsoft Visual Studio Solution File, Format Version 12.00
# Visual Studio Version 16
VisualStudioVersion = 16.0.31624.102
MinimumVisualStudioVersion = 10.0.40219.1
Project("{9A19103F-16F7-4668-BE54-9A1E7A4F7556}") = "Enigma.Window", "Enigma.Window.csproj", "{F3EA0C88-7A90-4112-A7A7-B178E28592AB}"
EndProject
Project("{9A19103F-16F7-4668-BE54-9A1E7A4F7556}") = "Enigma.Glfw", "..\Enigma.Glfw\Enigma.Glfw.csproj", "{D3BC1752-234E-48E7-A10B-A6283EFA90A2}"
	ProjectSection(ProjectDependencies) = postProject
		{F3EA0C88-7A90-4112-A7A7-B178E28592AB} = {F3EA0C88-7A90-4112-A7A7-B178E28592AB}
	EndProjectSection
EndProject
Project("{9A19103F-16F7-4668-BE54-9A1E7A4F7556}") = "Enigma.Window.Tests", "..\Enigma.Window.Tests\Enigma.Window.Tests.csproj", "{8CA328FF-54F3-43A9-85A2-0E61B0C3C70C}"
EndProject
Project("{FAE04EC0-301F-11D3-BF4B-00C04F79EFBC}") = "Enigma.Window.SilkExtensions", "..\Enigma.Window.SilkExtensions\Enigma.Window.SilkExtensions.csproj", "{1E8B4236-AE83-4477-BEBA-D38D4D576DF3}"
EndProject
Global
	GlobalSection(SolutionConfigurationPlatforms) = preSolution
		Debug|Any CPU = Debug|Any CPU
		Release|Any CPU = Release|Any CPU
	EndGlobalSection
	GlobalSection(ProjectConfigurationPlatforms) = postSolution
		{F3EA0C88-7A90-4112-A7A7-B178E28592AB}.Debug|Any CPU.ActiveCfg = Debug|Any CPU
		{F3EA0C88-7A90-4112-A7A7-B178E28592AB}.Debug|Any CPU.Build.0 = Debug|Any CPU
		{F3EA0C88-7A90-4112-A7A7-B178E28592AB}.Release|Any CPU.ActiveCfg = Release|Any CPU
		{F3EA0C88-7A90-4112-A7A7-B178E28592AB}.Release|Any CPU.Build.0 = Release|Any CPU
		{D3BC1752-234E-48E7-A10B-A6283EFA90A2}.Debug|Any CPU.ActiveCfg = Debug|Any CPU
		{D3BC1752-234E-48E7-A10B-A6283EFA90A2}.Debug|Any CPU.Build.0 = Debug|Any CPU
		{D3BC1752-234E-48E7-A10B-A6283EFA90A2}.Release|Any CPU.ActiveCfg = Release|Any CPU
		{D3BC1752-234E-48E7-A10B-A6283EFA90A2}.Release|Any CPU.Build.0 = Release|Any CPU
		{8CA328FF-54F3-43A9-85A2-0E61B0C3C70C}.Debug|Any CPU.ActiveCfg = Debug|Any CPU
		{8CA328FF-54F3-43A9-85A2-0E61B0C3C70C}.Debug|Any CPU.Build.0 = Debug|Any CPU
		{8CA328FF-54F3-43A9-85A2-0E61B0C3C70C}.Release|Any CPU.ActiveCfg = Release|Any CPU
		{8CA328FF-54F3-43A9-85A2-0E61B0C3C70C}.Release|Any CPU.Build.0 = Release|Any CPU
		{1E8B4236-AE83-4477-BEBA-D38D4D576DF3}.Debug|Any CPU.ActiveCfg = Debug|Any CPU
		{1E8B4236-AE83-4477-BEBA-D38D4D576DF3}.Debug|Any CPU.Build.0 = Debug|Any CPU
		{1E8B4236-AE83-4477-BEBA-D38D4D576DF3}.Release|Any CPU.ActiveCfg = Release|Any CPU
		{1E8B4236-AE83-4477-BEBA-D38D4D576DF3}.Release|Any CPU.Build.0 = Release|Any CPU
	EndGlobalSection
	GlobalSection(SolutionProperties) = preSolution
		HideSolutionNode = FALSE
	EndGlobalSection
	GlobalSection(ExtensibilityGlobals) = postSolution
		SolutionGuid = {BAF362E8-C913-469B-B2D7-4FB6E830848B}
	EndGlobalSection
EndGlobal
